
Microsoft Visual Studio Solution File, Format Version 12.00
# Visual Studio Version 17
VisualStudioVersion = 17.9.34728.123
MinimumVisualStudioVersion = 10.0.40219.1
Project("{FAE04EC0-301F-11D3-BF4B-00C04F79EFBC}") = "OrderService", "OrderService\OrderService.csproj", "{B4221F96-6D22-48EB-94F9-53F917D1E369}"
EndProject
Global
	GlobalSection(SolutionConfigurationPlatforms) = preSolution
		Debug|Any CPU = Debug|Any CPU
		Release|Any CPU = Release|Any CPU
	EndGlobalSection
	GlobalSection(ProjectConfigurationPlatforms) = postSolution
		{B4221F96-6D22-48EB-94F9-53F917D1E369}.Debug|Any CPU.ActiveCfg = Debug|Any CPU
		{B4221F96-6D22-48EB-94F9-53F917D1E369}.Debug|Any CPU.Build.0 = Debug|Any CPU
		{B4221F96-6D22-48EB-94F9-53F917D1E369}.Release|Any CPU.ActiveCfg = Release|Any CPU
		{B4221F96-6D22-48EB-94F9-53F917D1E369}.Release|Any CPU.Build.0 = Release|Any CPU
	EndGlobalSection
	GlobalSection(SolutionProperties) = preSolution
		HideSolutionNode = FALSE
	EndGlobalSection
	GlobalSection(ExtensibilityGlobals) = postSolution
		SolutionGuid = {DB2077A6-0B97-4320-87AB-2500A67FB845}
	EndGlobalSection
EndGlobal
